
Microsoft Visual Studio Solution File, Format Version 12.00
# Visual Studio Version 16
VisualStudioVersion = 16.0.30517.126
MinimumVisualStudioVersion = 10.0.40219.1
Project("{9A19103F-16F7-4668-BE54-9A1E7A4F7556}") = "Aki.Launcher", "Aki.Launcher\Aki.Launcher.csproj", "{B2561FAB-6792-4D89-85DD-1E48844CD69F}"
EndProject
Project("{9A19103F-16F7-4668-BE54-9A1E7A4F7556}") = "Aki.ByteBanger", "Aki.ByteBanger\Aki.ByteBanger.csproj", "{4B1F5C39-92C9-41DC-820C-E0EC3500E400}"
EndProject
Global
	GlobalSection(SolutionConfigurationPlatforms) = preSolution
		Debug|Any CPU = Debug|Any CPU
		Release|Any CPU = Release|Any CPU
	EndGlobalSection
	GlobalSection(ProjectConfigurationPlatforms) = postSolution
		{B2561FAB-6792-4D89-85DD-1E48844CD69F}.Debug|Any CPU.ActiveCfg = Debug|x64
		{B2561FAB-6792-4D89-85DD-1E48844CD69F}.Debug|Any CPU.Build.0 = Debug|x64
		{B2561FAB-6792-4D89-85DD-1E48844CD69F}.Release|Any CPU.ActiveCfg = Release|Any CPU
		{B2561FAB-6792-4D89-85DD-1E48844CD69F}.Release|Any CPU.Build.0 = Release|Any CPU
		{4B1F5C39-92C9-41DC-820C-E0EC3500E400}.Debug|Any CPU.ActiveCfg = Debug|Any CPU
		{4B1F5C39-92C9-41DC-820C-E0EC3500E400}.Debug|Any CPU.Build.0 = Debug|Any CPU
		{4B1F5C39-92C9-41DC-820C-E0EC3500E400}.Release|Any CPU.ActiveCfg = Release|Any CPU
		{4B1F5C39-92C9-41DC-820C-E0EC3500E400}.Release|Any CPU.Build.0 = Release|Any CPU
	EndGlobalSection
	GlobalSection(SolutionProperties) = preSolution
		HideSolutionNode = FALSE
	EndGlobalSection
	GlobalSection(ExtensibilityGlobals) = postSolution
		SolutionGuid = {6D41F10D-B323-4A4A-917A-B0C063846413}
	EndGlobalSection
EndGlobal
